// !$*UTF8*$!
{
	archiveVersion = 1;
	classes = {
	};
	objectVersion = 50;
	objects = {

/* Begin PBXBuildFile section */
		CCB2F2C224FEF320008042ED /* AppDelegate.swift in Sources */ = {isa = PBXBuildFile; fileRef = CCB2F2C124FEF320008042ED /* AppDelegate.swift */; };
		CCB2F2C424FEF320008042ED /* SceneDelegate.swift in Sources */ = {isa = PBXBuildFile; fileRef = CCB2F2C324FEF320008042ED /* SceneDelegate.swift */; };
		CCB2F2C624FEF320008042ED /* ViewController.swift in Sources */ = {isa = PBXBuildFile; fileRef = CCB2F2C524FEF320008042ED /* ViewController.swift */; };
		CCB2F2C924FEF320008042ED /* Main.storyboard in Resources */ = {isa = PBXBuildFile; fileRef = CCB2F2C724FEF320008042ED /* Main.storyboard */; };
		CCB2F2CB24FEF323008042ED /* Assets.xcassets in Resources */ = {isa = PBXBuildFile; fileRef = CCB2F2CA24FEF323008042ED /* Assets.xcassets */; };
		CCB2F2CE24FEF323008042ED /* LaunchScreen.storyboard in Resources */ = {isa = PBXBuildFile; fileRef = CCB2F2CC24FEF323008042ED /* LaunchScreen.storyboard */; };
/* End PBXBuildFile section */

/* Begin PBXFileReference section */
		CC5F92F624FF6B7500108FE9 /* Lod.gpx */ = {isa = PBXFileReference; lastKnownFileType = text; path = Lod.gpx; sourceTree = "<group>"; };
		CCB2F2BE24FEF320008042ED /* FindMyLocation.app */ = {isa = PBXFileReference; explicitFileType = wrapper.application; includeInIndex = 0; path = FindMyLocation.app; sourceTree = BUILT_PRODUCTS_DIR; };
		CCB2F2C124FEF320008042ED /* AppDelegate.swift */ = {isa = PBXFileReference; lastKnownFileType = sourcecode.swift; path = AppDelegate.swift; sourceTree = "<group>"; };
		CCB2F2C324FEF320008042ED /* SceneDelegate.swift */ = {isa = PBXFileReference; lastKnownFileType = sourcecode.swift; path = SceneDelegate.swift; sourceTree = "<group>"; };
		CCB2F2C524FEF320008042ED /* ViewController.swift */ = {isa = PBXFileReference; lastKnownFileType = sourcecode.swift; path = ViewController.swift; sourceTree = "<group>"; };
		CCB2F2C824FEF320008042ED /* Base */ = {isa = PBXFileReference; lastKnownFileType = file.storyboard; name = Base; path = Base.lproj/Main.storyboard; sourceTree = "<group>"; };
		CCB2F2CA24FEF323008042ED /* Assets.xcassets */ = {isa = PBXFileReference; lastKnownFileType = folder.assetcatalog; path = Assets.xcassets; sourceTree = "<group>"; };
		CCB2F2CD24FEF323008042ED /* Base */ = {isa = PBXFileReference; lastKnownFileType = file.storyboard; name = Base; path = Base.lproj/LaunchScreen.storyboard; sourceTree = "<group>"; };
		CCB2F2CF24FEF323008042ED /* Info.plist */ = {isa = PBXFileReference; lastKnownFileType = text.plist.xml; path = Info.plist; sourceTree = "<group>"; };
/* End PBXFileReference section */

/* Begin PBXFrameworksBuildPhase section */
		CCB2F2BB24FEF320008042ED /* Frameworks */ = {
			isa = PBXFrameworksBuildPhase;
			buildActionMask = 2147483647;
			files = (
			);
			runOnlyForDeploymentPostprocessing = 0;
		};
/* End PBXFrameworksBuildPhase section */

/* Begin PBXGroup section */
		CCB2F2B524FEF320008042ED = {
			isa = PBXGroup;
			children = (
				CC5F92F624FF6B7500108FE9 /* Lod.gpx */,
				CCB2F2C024FEF320008042ED /* FindMyLocation */,
				CCB2F2BF24FEF320008042ED /* Products */,
			);
			sourceTree = "<group>";
		};
		CCB2F2BF24FEF320008042ED /* Products */ = {
			isa = PBXGroup;
			children = (
				CCB2F2BE24FEF320008042ED /* FindMyLocation.app */,
			);
			name = Products;
			sourceTree = "<group>";
		};
		CCB2F2C024FEF320008042ED /* FindMyLocation */ = {
			isa = PBXGroup;
			children = (
				CCB2F2C124FEF320008042ED /* AppDelegate.swift */,
				CCB2F2C324FEF320008042ED /* SceneDelegate.swift */,
				CCB2F2C524FEF320008042ED /* ViewController.swift */,
				CCB2F2C724FEF320008042ED /* Main.storyboard */,
				CCB2F2CA24FEF323008042ED /* Assets.xcassets */,
				CCB2F2CC24FEF323008042ED /* LaunchScreen.storyboard */,
				CCB2F2CF24FEF323008042ED /* Info.plist */,
			);
			path = FindMyLocation;
			sourceTree = "<group>";
		};
/* End PBXGroup section */

/* Begin PBXNativeTarget section */
		CCB2F2BD24FEF320008042ED /* FindMyLocation */ = {
			isa = PBXNativeTarget;
			buildConfigurationList = CCB2F2D224FEF323008042ED /* Build configuration list for PBXNativeTarget "FindMyLocation" */;
			buildPhases = (
				CCB2F2BA24FEF320008042ED /* Sources */,
				CCB2F2BB24FEF320008042ED /* Frameworks */,
				CCB2F2BC24FEF320008042ED /* Resources */,
			);
			buildRules = (
			);
			dependencies = (
			);
			name = FindMyLocation;
			productName = FindMyLocation;
			productReference = CCB2F2BE24FEF320008042ED /* FindMyLocation.app */;
			productType = "com.apple.product-type.application";
		};
/* End PBXNativeTarget section */

/* Begin PBXProject section */
		CCB2F2B624FEF320008042ED /* Project object */ = {
			isa = PBXProject;
			attributes = {
				LastSwiftUpdateCheck = 1160;
				LastUpgradeCheck = 1160;
				ORGANIZATIONNAME = yading;
				TargetAttributes = {
					CCB2F2BD24FEF320008042ED = {
						CreatedOnToolsVersion = 11.6;
					};
				};
			};
			buildConfigurationList = CCB2F2B924FEF320008042ED /* Build configuration list for PBXProject "FindMyLocation" */;
			compatibilityVersion = "Xcode 9.3";
			developmentRegion = en;
			hasScannedForEncodings = 0;
			knownRegions = (
				en,
				Base,
			);
			mainGroup = CCB2F2B524FEF320008042ED;
			productRefGroup = CCB2F2BF24FEF320008042ED /* Products */;
			projectDirPath = "";
			projectRoot = "";
			targets = (
				CCB2F2BD24FEF320008042ED /* FindMyLocation */,
			);
		};
/* End PBXProject section */

/* Begin PBXResourcesBuildPhase section */
		CCB2F2BC24FEF320008042ED /* Resources */ = {
			isa = PBXResourcesBuildPhase;
			buildActionMask = 2147483647;
			files = (
				CCB2F2CE24FEF323008042ED /* LaunchScreen.storyboard in Resources */,
				CCB2F2CB24FEF323008042ED /* Assets.xcassets in Resources */,
				CCB2F2C924FEF320008042ED /* Main.storyboard in Resources */,
			);
			runOnlyForDeploymentPostprocessing = 0;
		};
/* End PBXResourcesBuildPhase section */

/* Begin PBXSourcesBuildPhase section */
		CCB2F2BA24FEF320008042ED /* Sources */ = {
			isa = PBXSourcesBuildPhase;
			buildActionMask = 2147483647;
			files = (
				CCB2F2C624FEF320008042ED /* ViewController.swift in Sources */,
				CCB2F2C224FEF320008042ED /* AppDelegate.swift in Sources */,
				CCB2F2C424FEF320008042ED /* SceneDelegate.swift in Sources */,
			);
			runOnlyForDeploymentPostprocessing = 0;
		};
/* End PBXSourcesBuildPhase section */

/* Begin PBXVariantGroup section */
		CCB2F2C724FEF320008042ED /* Main.storyboard */ = {
			isa = PBXVariantGroup;
			children = (
				CCB2F2C824FEF320008042ED /* Base */,
			);
			name = Main.storyboard;
			sourceTree = "<group>";
		};
		CCB2F2CC24FEF323008042ED /* LaunchScreen.storyboard */ = {
			isa = PBXVariantGroup;
			children = (
				CCB2F2CD24FEF323008042ED /* Base */,
			);
			name = LaunchScreen.storyboard;
			sourceTree = "<group>";
		};
/* End PBXVariantGroup section */

/* Begin XCBuildConfiguration section */
		CCB2F2D024FEF323008042ED /* Debug */ = {
			isa = XCBuildConfiguration;
			buildSettings = {
				ALWAYS_SEARCH_USER_PATHS = NO;
				CLANG_ANALYZER_NONNULL = YES;
				CLANG_ANALYZER_NUMBER_OBJECT_CONVERSION = YES_AGGRESSIVE;
				CLANG_CXX_LANGUAGE_STANDARD = "gnu++14";
				CLANG_CXX_LIBRARY = "libc++";
				CLANG_ENABLE_MODULES = YES;
				CLANG_ENABLE_OBJC_ARC = YES;
				CLANG_ENABLE_OBJC_WEAK = YES;
				CLANG_WARN_BLOCK_CAPTURE_AUTORELEASING = YES;
				CLANG_WARN_BOOL_CONVERSION = YES;
				CLANG_WARN_COMMA = YES;
				CLANG_WARN_CONSTANT_CONVERSION = YES;
				CLANG_WARN_DEPRECATED_OBJC_IMPLEMENTATIONS = YES;
				CLANG_WARN_DIRECT_OBJC_ISA_USAGE = YES_ERROR;
				CLANG_WARN_DOCUMENTATION_COMMENTS = YES;
				CLANG_WARN_EMPTY_BODY = YES;
				CLANG_WARN_ENUM_CONVERSION = YES;
				CLANG_WARN_INFINITE_RECURSION = YES;
				CLANG_WARN_INT_CONVERSION = YES;
				CLANG_WARN_NON_LITERAL_NULL_CONVERSION = YES;
				CLANG_WARN_OBJC_IMPLICIT_RETAIN_SELF = YES;
				CLANG_WARN_OBJC_LITERAL_CONVERSION = YES;
				CLANG_WARN_OBJC_ROOT_CLASS = YES_ERROR;
				CLANG_WARN_RANGE_LOOP_ANALYSIS = YES;
				CLANG_WARN_STRICT_PROTOTYPES = YES;
				CLANG_WARN_SUSPICIOUS_MOVE = YES;
				CLANG_WARN_UNGUARDED_AVAILABILITY = YES_AGGRESSIVE;
				CLANG_WARN_UNREACHABLE_CODE = YES;
				CLANG_WARN__DUPLICATE_METHOD_MATCH = YES;
				COPY_PHASE_STRIP = NO;
				DEBUG_INFORMATION_FORMAT = dwarf;
				ENABLE_STRICT_OBJC_MSGSEND = YES;
				ENABLE_TESTABILITY = YES;
				GCC_C_LANGUAGE_STANDARD = gnu11;
				GCC_DYNAMIC_NO_PIC = NO;
				GCC_NO_COMMON_BLOCKS = YES;
				GCC_OPTIMIZATION_LEVEL = 0;
				GCC_PREPROCESSOR_DEFINITIONS = (
					"DEBUG=1",
					"$(inherited)",
				);
				GCC_WARN_64_TO_32_BIT_CONVERSION = YES;
				GCC_WARN_ABOUT_RETURN_TYPE = YES_ERROR;
				GCC_WARN_UNDECLARED_SELECTOR = YES;
				GCC_WARN_UNINITIALIZED_AUTOS = YES_AGGRESSIVE;
				GCC_WARN_UNUSED_FUNCTION = YES;
				GCC_WARN_UNUSED_VARIABLE = YES;
				IPHONEOS_DEPLOYMENT_TARGET = 13.6;
				MTL_ENABLE_DEBUG_INFO = INCLUDE_SOURCE;
				MTL_FAST_MATH = YES;
				ONLY_ACTIVE_ARCH = YES;
				SDKROOT = iphoneos;
				SWIFT_ACTIVE_COMPILATION_CONDITIONS = DEBUG;
				SWIFT_OPTIMIZATION_LEVEL = "-Onone";
			};
			name = Debug;
		};
		CCB2F2D124FEF323008042ED /* Release */ = {
			isa = XCBuildConfiguration;
			buildSettings = {
				ALWAYS_SEARCH_USER_PATHS = NO;
				CLANG_ANALYZER_NONNULL = YES;
				CLANG_ANALYZER_NUMBER_OBJECT_CONVERSION = YES_AGGRESSIVE;
				CLANG_CXX_LANGUAGE_STANDARD = "gnu++14";
				CLANG_CXX_LIBRARY = "libc++";
				CLANG_ENABLE_MODULES = YES;
				CLANG_ENABLE_OBJC_ARC = YES;
				CLANG_ENABLE_OBJC_WEAK = YES;
				CLANG_WARN_BLOCK_CAPTURE_AUTORELEASING = YES;
				CLANG_WARN_BOOL_CONVERSION = YES;
				CLANG_WARN_COMMA = YES;
				CLANG_WARN_CONSTANT_CONVERSION = YES;
				CLANG_WARN_DEPRECATED_OBJC_IMPLEMENTATIONS = YES;
				CLANG_WARN_DIRECT_OBJC_ISA_USAGE = YES_ERROR;
				CLANG_WARN_DOCUMENTATION_COMMENTS = YES;
				CLANG_WARN_EMPTY_BODY = YES;
				CLANG_WARN_ENUM_CONVERSION = YES;
				CLANG_WARN_INFINITE_RECURSION = YES;
				CLANG_WARN_INT_CONVERSION = YES;
				CLANG_WARN_NON_LITERAL_NULL_CONVERSION = YES;
				CLANG_WARN_OBJC_IMPLICIT_RETAIN_SELF = YES;
				CLANG_WARN_OBJC_LITERAL_CONVERSION = YES;
				CLANG_WARN_OBJC_ROOT_CLASS = YES_ERROR;
				CLANG_WARN_RANGE_LOOP_ANALYSIS = YES;
				CLANG_WARN_STRICT_PROTOTYPES = YES;
				CLANG_WARN_SUSPICIOUS_MOVE = YES;
				CLANG_WARN_UNGUARDED_AVAILABILITY = YES_AGGRESSIVE;
				CLANG_WARN_UNREACHABLE_CODE = YES;
				CLANG_WARN__DUPLICATE_METHOD_MATCH = YES;
				COPY_PHASE_STRIP = NO;
				DEBUG_INFORMATION_FORMAT = "dwarf-with-dsym";
				ENABLE_NS_ASSERTIONS = NO;
				ENABLE_STRICT_OBJC_MSGSEND = YES;
				GCC_C_LANGUAGE_STANDARD = gnu11;
				GCC_NO_COMMON_BLOCKS = YES;
				GCC_WARN_64_TO_32_BIT_CONVERSION = YES;
				GCC_WARN_ABOUT_RETURN_TYPE = YES_ERROR;
				GCC_WARN_UNDECLARED_SELECTOR = YES;
				GCC_WARN_UNINITIALIZED_AUTOS = YES_AGGRESSIVE;
				GCC_WARN_UNUSED_FUNCTION = YES;
				GCC_WARN_UNUSED_VARIABLE = YES;
				IPHONEOS_DEPLOYMENT_TARGET = 13.6;
				MTL_ENABLE_DEBUG_INFO = NO;
				MTL_FAST_MATH = YES;
				SDKROOT = iphoneos;
				SWIFT_COMPILATION_MODE = wholemodule;
				SWIFT_OPTIMIZATION_LEVEL = "-O";
				VALIDATE_PRODUCT = YES;
			};
			name = Release;
		};
		CCB2F2D324FEF323008042ED /* Debug */ = {
			isa = XCBuildConfiguration;
			buildSettings = {
				ASSETCATALOG_COMPILER_APPICON_NAME = AppIcon;
				CODE_SIGN_STYLE = Automatic;
				DEVELOPMENT_TEAM = U5VX66V93X;
				INFOPLIST_FILE = FindMyLocation/Info.plist;
				LD_RUNPATH_SEARCH_PATHS = (
					"$(inherited)",
					"@executable_path/Frameworks",
				);
				PRODUCT_BUNDLE_IDENTIFIER = com.yading.FindMyLocation;
				PRODUCT_NAME = "$(TARGET_NAME)";
				SWIFT_VERSION = 5.0;
				TARGETED_DEVICE_FAMILY = "1,2";
			};
			name = Debug;
		};
		CCB2F2D424FEF323008042ED /* Release */ = {
			isa = XCBuildConfiguration;
			buildSettings = {
				ASSETCATALOG_COMPILER_APPICON_NAME = AppIcon;
				CODE_SIGN_STYLE = Automatic;
				DEVELOPMENT_TEAM = U5VX66V93X;
				INFOPLIST_FILE = FindMyLocation/Info.plist;
				LD_RUNPATH_SEARCH_PATHS = (
					"$(inherited)",
					"@executable_path/Frameworks",
				);
				PRODUCT_BUNDLE_IDENTIFIER = com.yading.FindMyLocation;
				PRODUCT_NAME = "$(TARGET_NAME)";
				SWIFT_VERSION = 5.0;
				TARGETED_DEVICE_FAMILY = "1,2";
			};
			name = Release;
		};
/* End XCBuildConfiguration section */

/* Begin XCConfigurationList section */
		CCB2F2B924FEF320008042ED /* Build configuration list for PBXProject "FindMyLocation" */ = {
			isa = XCConfigurationList;
			buildConfigurations = (
				CCB2F2D024FEF323008042ED /* Debug */,
				CCB2F2D124FEF323008042ED /* Release */,
			);
			defaultConfigurationIsVisible = 0;
			defaultConfigurationName = Release;
		};
		CCB2F2D224FEF323008042ED /* Build configuration list for PBXNativeTarget "FindMyLocation" */ = {
			isa = XCConfigurationList;
			buildConfigurations = (
				CCB2F2D324FEF323008042ED /* Debug */,
				CCB2F2D424FEF323008042ED /* Release */,
			);
			defaultConfigurationIsVisible = 0;
			defaultConfigurationName = Release;
		};
/* End XCConfigurationList section */
	};
	rootObject = CCB2F2B624FEF320008042ED /* Project object */;
}
